// !$*UTF8*$!
{
	archiveVersion = 1;
	classes = {
	};
	objectVersion = 50;
	objects = {

/* Begin PBXBuildFile section */
		AE9BD5A52259CA780024E63E /* AppDelegate.swift in Sources */ = {isa = PBXBuildFile; fileRef = AE9BD5A42259CA780024E63E /* AppDelegate.swift */; };
		AE9BD5A72259CA780024E63E /* ViewController.swift in Sources */ = {isa = PBXBuildFile; fileRef = AE9BD5A62259CA780024E63E /* ViewController.swift */; };
		AE9BD5AD2259CA780024E63E /* weather.xcdatamodeld in Sources */ = {isa = PBXBuildFile; fileRef = AE9BD5AB2259CA780024E63E /* weather.xcdatamodeld */; };
		AE9BD5AF2259CA7A0024E63E /* Assets.xcassets in Resources */ = {isa = PBXBuildFile; fileRef = AE9BD5AE2259CA7A0024E63E /* Assets.xcassets */; };
		AE9BD5BC2259CFE90024E63E /* WeatherAreaViewController.swift in Sources */ = {isa = PBXBuildFile; fileRef = AE9BD5BB2259CFE90024E63E /* WeatherAreaViewController.swift */; };
		AE9BD5C32259E9DD0024E63E /* WeatherAreaRepository.swift in Sources */ = {isa = PBXBuildFile; fileRef = AE9BD5BE2259E9DD0024E63E /* WeatherAreaRepository.swift */; };
		AE9BD5C42259E9DD0024E63E /* WeatherRepository.swift in Sources */ = {isa = PBXBuildFile; fileRef = AE9BD5BF2259E9DD0024E63E /* WeatherRepository.swift */; };
		AE9BD5C52259E9DD0024E63E /* WeatherArea.swift in Sources */ = {isa = PBXBuildFile; fileRef = AE9BD5C12259E9DD0024E63E /* WeatherArea.swift */; };
		AE9BD5C62259E9DD0024E63E /* Weather.swift in Sources */ = {isa = PBXBuildFile; fileRef = AE9BD5C22259E9DD0024E63E /* Weather.swift */; };
		AE9BD5C92259EA130024E63E /* WeatherAreaCell.swift in Sources */ = {isa = PBXBuildFile; fileRef = AE9BD5C72259EA120024E63E /* WeatherAreaCell.swift */; };
		AE9BD5CA2259EA130024E63E /* WeatherAreaCell.xib in Resources */ = {isa = PBXBuildFile; fileRef = AE9BD5C82259EA120024E63E /* WeatherAreaCell.xib */; };
		AE9BD5CF2259EAD80024E63E /* WeatherAreaViewController.storyboard in Resources */ = {isa = PBXBuildFile; fileRef = AE9BD5CE2259EAD80024E63E /* WeatherAreaViewController.storyboard */; };
		BF7B8717E9382E03F531B939 /* Pods_weather.framework in Frameworks */ = {isa = PBXBuildFile; fileRef = EB581482EFE7D511870908EE /* Pods_weather.framework */; };
/* End PBXBuildFile section */

/* Begin PBXFileReference section */
		0F898D9EA7DCCF397691C689 /* Pods-weather.debug.xcconfig */ = {isa = PBXFileReference; includeInIndex = 1; lastKnownFileType = text.xcconfig; name = "Pods-weather.debug.xcconfig"; path = "Pods/Target Support Files/Pods-weather/Pods-weather.debug.xcconfig"; sourceTree = "<group>"; };
		AE9BD5A12259CA780024E63E /* weather.app */ = {isa = PBXFileReference; explicitFileType = wrapper.application; includeInIndex = 0; path = weather.app; sourceTree = BUILT_PRODUCTS_DIR; };
		AE9BD5A42259CA780024E63E /* AppDelegate.swift */ = {isa = PBXFileReference; lastKnownFileType = sourcecode.swift; path = AppDelegate.swift; sourceTree = "<group>"; };
		AE9BD5A62259CA780024E63E /* ViewController.swift */ = {isa = PBXFileReference; lastKnownFileType = sourcecode.swift; path = ViewController.swift; sourceTree = "<group>"; };
		AE9BD5AC2259CA780024E63E /* weather.xcdatamodel */ = {isa = PBXFileReference; lastKnownFileType = wrapper.xcdatamodel; path = weather.xcdatamodel; sourceTree = "<group>"; };
		AE9BD5AE2259CA7A0024E63E /* Assets.xcassets */ = {isa = PBXFileReference; lastKnownFileType = folder.assetcatalog; path = Assets.xcassets; sourceTree = "<group>"; };
		AE9BD5B32259CA7A0024E63E /* Info.plist */ = {isa = PBXFileReference; lastKnownFileType = text.plist.xml; path = Info.plist; sourceTree = "<group>"; };
		AE9BD5BB2259CFE90024E63E /* WeatherAreaViewController.swift */ = {isa = PBXFileReference; fileEncoding = 4; lastKnownFileType = sourcecode.swift; path = WeatherAreaViewController.swift; sourceTree = "<group>"; };
		AE9BD5BE2259E9DD0024E63E /* WeatherAreaRepository.swift */ = {isa = PBXFileReference; fileEncoding = 4; lastKnownFileType = sourcecode.swift; path = WeatherAreaRepository.swift; sourceTree = "<group>"; };
		AE9BD5BF2259E9DD0024E63E /* WeatherRepository.swift */ = {isa = PBXFileReference; fileEncoding = 4; lastKnownFileType = sourcecode.swift; path = WeatherRepository.swift; sourceTree = "<group>"; };
		AE9BD5C12259E9DD0024E63E /* WeatherArea.swift */ = {isa = PBXFileReference; fileEncoding = 4; lastKnownFileType = sourcecode.swift; path = WeatherArea.swift; sourceTree = "<group>"; };
		AE9BD5C22259E9DD0024E63E /* Weather.swift */ = {isa = PBXFileReference; fileEncoding = 4; lastKnownFileType = sourcecode.swift; path = Weather.swift; sourceTree = "<group>"; };
		AE9BD5C72259EA120024E63E /* WeatherAreaCell.swift */ = {isa = PBXFileReference; fileEncoding = 4; lastKnownFileType = sourcecode.swift; path = WeatherAreaCell.swift; sourceTree = "<group>"; };
		AE9BD5C82259EA120024E63E /* WeatherAreaCell.xib */ = {isa = PBXFileReference; fileEncoding = 4; lastKnownFileType = file.xib; path = WeatherAreaCell.xib; sourceTree = "<group>"; };
		AE9BD5CE2259EAD80024E63E /* WeatherAreaViewController.storyboard */ = {isa = PBXFileReference; fileEncoding = 4; lastKnownFileType = file.storyboard; path = WeatherAreaViewController.storyboard; sourceTree = "<group>"; };
		DA692BA9F1113BBA63B27790 /* Pods-weather.release.xcconfig */ = {isa = PBXFileReference; includeInIndex = 1; lastKnownFileType = text.xcconfig; name = "Pods-weather.release.xcconfig"; path = "Pods/Target Support Files/Pods-weather/Pods-weather.release.xcconfig"; sourceTree = "<group>"; };
		EB581482EFE7D511870908EE /* Pods_weather.framework */ = {isa = PBXFileReference; explicitFileType = wrapper.framework; includeInIndex = 0; path = Pods_weather.framework; sourceTree = BUILT_PRODUCTS_DIR; };
/* End PBXFileReference section */

/* Begin PBXFrameworksBuildPhase section */
		AE9BD59E2259CA780024E63E /* Frameworks */ = {
			isa = PBXFrameworksBuildPhase;
			buildActionMask = 2147483647;
			files = (
				BF7B8717E9382E03F531B939 /* Pods_weather.framework in Frameworks */,
			);
			runOnlyForDeploymentPostprocessing = 0;
		};
/* End PBXFrameworksBuildPhase section */

/* Begin PBXGroup section */
		0F30C1DBF50D451C8D6E5AB6 /* Frameworks */ = {
			isa = PBXGroup;
			children = (
				EB581482EFE7D511870908EE /* Pods_weather.framework */,
			);
			name = Frameworks;
			sourceTree = "<group>";
		};
		7404BE9C776AC37C29932B0B /* Pods */ = {
			isa = PBXGroup;
			children = (
				0F898D9EA7DCCF397691C689 /* Pods-weather.debug.xcconfig */,
				DA692BA9F1113BBA63B27790 /* Pods-weather.release.xcconfig */,
			);
			name = Pods;
			sourceTree = "<group>";
		};
		AE9BD5982259CA780024E63E = {
			isa = PBXGroup;
			children = (
				AE9BD5A32259CA780024E63E /* weather */,
				AE9BD5A22259CA780024E63E /* Products */,
				7404BE9C776AC37C29932B0B /* Pods */,
				0F30C1DBF50D451C8D6E5AB6 /* Frameworks */,
			);
			sourceTree = "<group>";
		};
		AE9BD5A22259CA780024E63E /* Products */ = {
			isa = PBXGroup;
			children = (
				AE9BD5A12259CA780024E63E /* weather.app */,
			);
			name = Products;
			sourceTree = "<group>";
		};
		AE9BD5A32259CA780024E63E /* weather */ = {
			isa = PBXGroup;
			children = (
				AE9BD5A42259CA780024E63E /* AppDelegate.swift */,
				AE9BD5A62259CA780024E63E /* ViewController.swift */,
				AE9BD5C02259E9DD0024E63E /* Model */,
				AE9BD5BD2259E9DD0024E63E /* Repository */,
				AE9BD5AE2259CA7A0024E63E /* Assets.xcassets */,
				AE9BD5B32259CA7A0024E63E /* Info.plist */,
				AE9BD5CB2259EA150024E63E /* ViewController */,
				AE9BD5AB2259CA780024E63E /* weather.xcdatamodeld */,
			);
			path = weather;
			sourceTree = "<group>";
		};
		AE9BD5BD2259E9DD0024E63E /* Repository */ = {
			isa = PBXGroup;
			children = (
				AE9BD5BE2259E9DD0024E63E /* WeatherAreaRepository.swift */,
				AE9BD5BF2259E9DD0024E63E /* WeatherRepository.swift */,
			);
			path = Repository;
			sourceTree = "<group>";
		};
		AE9BD5C02259E9DD0024E63E /* Model */ = {
			isa = PBXGroup;
			children = (
				AE9BD5C12259E9DD0024E63E /* WeatherArea.swift */,
				AE9BD5C22259E9DD0024E63E /* Weather.swift */,
			);
			path = Model;
			sourceTree = "<group>";
		};
		AE9BD5CB2259EA150024E63E /* ViewController */ = {
			isa = PBXGroup;
			children = (
				AE9BD5BB2259CFE90024E63E /* WeatherAreaViewController.swift */,
				AE9BD5CE2259EAD80024E63E /* WeatherAreaViewController.storyboard */,
				AE9BD5C72259EA120024E63E /* WeatherAreaCell.swift */,
				AE9BD5C82259EA120024E63E /* WeatherAreaCell.xib */,
			);
			path = ViewController;
			sourceTree = "<group>";
		};
/* End PBXGroup section */

/* Begin PBXNativeTarget section */
		AE9BD5A02259CA780024E63E /* weather */ = {
			isa = PBXNativeTarget;
			buildConfigurationList = AE9BD5B62259CA7A0024E63E /* Build configuration list for PBXNativeTarget "weather" */;
			buildPhases = (
				DD7C89CBD6E0C7A9F93DE117 /* [CP] Check Pods Manifest.lock */,
				AE9BD59D2259CA780024E63E /* Sources */,
				AE9BD59E2259CA780024E63E /* Frameworks */,
				AE9BD59F2259CA780024E63E /* Resources */,
				5BFE4D0E23DB25FA173BC6B6 /* [CP] Embed Pods Frameworks */,
			);
			buildRules = (
			);
			dependencies = (
			);
			name = weather;
			productName = weather;
			productReference = AE9BD5A12259CA780024E63E /* weather.app */;
			productType = "com.apple.product-type.application";
		};
/* End PBXNativeTarget section */

/* Begin PBXProject section */
		AE9BD5992259CA780024E63E /* Project object */ = {
			isa = PBXProject;
			attributes = {
				LastSwiftUpdateCheck = 1020;
				LastUpgradeCheck = 1020;
				ORGANIZATIONNAME = "遠藤拓弥\b";
				TargetAttributes = {
					AE9BD5A02259CA780024E63E = {
						CreatedOnToolsVersion = 10.2;
					};
				};
			};
			buildConfigurationList = AE9BD59C2259CA780024E63E /* Build configuration list for PBXProject "weather" */;
			compatibilityVersion = "Xcode 9.3";
			developmentRegion = en;
			hasScannedForEncodings = 0;
			knownRegions = (
				en,
				Base,
			);
			mainGroup = AE9BD5982259CA780024E63E;
			productRefGroup = AE9BD5A22259CA780024E63E /* Products */;
			projectDirPath = "";
			projectRoot = "";
			targets = (
				AE9BD5A02259CA780024E63E /* weather */,
			);
		};
/* End PBXProject section */

/* Begin PBXResourcesBuildPhase section */
		AE9BD59F2259CA780024E63E /* Resources */ = {
			isa = PBXResourcesBuildPhase;
			buildActionMask = 2147483647;
			files = (
				AE9BD5AF2259CA7A0024E63E /* Assets.xcassets in Resources */,
				AE9BD5CA2259EA130024E63E /* WeatherAreaCell.xib in Resources */,
				AE9BD5CF2259EAD80024E63E /* WeatherAreaViewController.storyboard in Resources */,
			);
			runOnlyForDeploymentPostprocessing = 0;
		};
/* End PBXResourcesBuildPhase section */

/* Begin PBXShellScriptBuildPhase section */
		5BFE4D0E23DB25FA173BC6B6 /* [CP] Embed Pods Frameworks */ = {
			isa = PBXShellScriptBuildPhase;
			buildActionMask = 2147483647;
			files = (
			);
			inputFileListPaths = (
			);
			inputPaths = (
				"${SRCROOT}/Pods/Target Support Files/Pods-weather/Pods-weather-frameworks.sh",
				"${BUILT_PRODUCTS_DIR}/APIKit/APIKit.framework",
				"${BUILT_PRODUCTS_DIR}/FLAnimatedImage/FLAnimatedImage.framework",
				"${BUILT_PRODUCTS_DIR}/PINCache/PINCache.framework",
				"${BUILT_PRODUCTS_DIR}/PINRemoteImage/PINRemoteImage.framework",
				"${BUILT_PRODUCTS_DIR}/Result/Result.framework",
			);
			name = "[CP] Embed Pods Frameworks";
			outputFileListPaths = (
			);
			outputPaths = (
				"${TARGET_BUILD_DIR}/${FRAMEWORKS_FOLDER_PATH}/APIKit.framework",
				"${TARGET_BUILD_DIR}/${FRAMEWORKS_FOLDER_PATH}/FLAnimatedImage.framework",
				"${TARGET_BUILD_DIR}/${FRAMEWORKS_FOLDER_PATH}/PINCache.framework",
				"${TARGET_BUILD_DIR}/${FRAMEWORKS_FOLDER_PATH}/PINRemoteImage.framework",
				"${TARGET_BUILD_DIR}/${FRAMEWORKS_FOLDER_PATH}/Result.framework",
			);
			runOnlyForDeploymentPostprocessing = 0;
			shellPath = /bin/sh;
			shellScript = "\"${SRCROOT}/Pods/Target Support Files/Pods-weather/Pods-weather-frameworks.sh\"\n";
			showEnvVarsInLog = 0;
		};
		DD7C89CBD6E0C7A9F93DE117 /* [CP] Check Pods Manifest.lock */ = {
			isa = PBXShellScriptBuildPhase;
			buildActionMask = 2147483647;
			files = (
			);
			inputFileListPaths = (
			);
			inputPaths = (
				"${PODS_PODFILE_DIR_PATH}/Podfile.lock",
				"${PODS_ROOT}/Manifest.lock",
			);
			name = "[CP] Check Pods Manifest.lock";
			outputFileListPaths = (
			);
			outputPaths = (
				"$(DERIVED_FILE_DIR)/Pods-weather-checkManifestLockResult.txt",
			);
			runOnlyForDeploymentPostprocessing = 0;
			shellPath = /bin/sh;
			shellScript = "diff \"${PODS_PODFILE_DIR_PATH}/Podfile.lock\" \"${PODS_ROOT}/Manifest.lock\" > /dev/null\nif [ $? != 0 ] ; then\n    # print error to STDERR\n    echo \"error: The sandbox is not in sync with the Podfile.lock. Run 'pod install' or update your CocoaPods installation.\" >&2\n    exit 1\nfi\n# This output is used by Xcode 'outputs' to avoid re-running this script phase.\necho \"SUCCESS\" > \"${SCRIPT_OUTPUT_FILE_0}\"\n";
			showEnvVarsInLog = 0;
		};
/* End PBXShellScriptBuildPhase section */

/* Begin PBXSourcesBuildPhase section */
		AE9BD59D2259CA780024E63E /* Sources */ = {
			isa = PBXSourcesBuildPhase;
			buildActionMask = 2147483647;
			files = (
				AE9BD5C62259E9DD0024E63E /* Weather.swift in Sources */,
				AE9BD5C42259E9DD0024E63E /* WeatherRepository.swift in Sources */,
				AE9BD5C32259E9DD0024E63E /* WeatherAreaRepository.swift in Sources */,
				AE9BD5AD2259CA780024E63E /* weather.xcdatamodeld in Sources */,
				AE9BD5C52259E9DD0024E63E /* WeatherArea.swift in Sources */,
				AE9BD5A72259CA780024E63E /* ViewController.swift in Sources */,
				AE9BD5BC2259CFE90024E63E /* WeatherAreaViewController.swift in Sources */,
				AE9BD5A52259CA780024E63E /* AppDelegate.swift in Sources */,
				AE9BD5C92259EA130024E63E /* WeatherAreaCell.swift in Sources */,
			);
			runOnlyForDeploymentPostprocessing = 0;
		};
/* End PBXSourcesBuildPhase section */

/* Begin XCBuildConfiguration section */
		AE9BD5B42259CA7A0024E63E /* Debug */ = {
			isa = XCBuildConfiguration;
			buildSettings = {
				ALWAYS_SEARCH_USER_PATHS = NO;
				CLANG_ANALYZER_NONNULL = YES;
				CLANG_ANALYZER_NUMBER_OBJECT_CONVERSION = YES_AGGRESSIVE;
				CLANG_CXX_LANGUAGE_STANDARD = "gnu++14";
				CLANG_CXX_LIBRARY = "libc++";
				CLANG_ENABLE_MODULES = YES;
				CLANG_ENABLE_OBJC_ARC = YES;
				CLANG_ENABLE_OBJC_WEAK = YES;
				CLANG_WARN_BLOCK_CAPTURE_AUTORELEASING = YES;
				CLANG_WARN_BOOL_CONVERSION = YES;
				CLANG_WARN_COMMA = YES;
				CLANG_WARN_CONSTANT_CONVERSION = YES;
				CLANG_WARN_DEPRECATED_OBJC_IMPLEMENTATIONS = YES;
				CLANG_WARN_DIRECT_OBJC_ISA_USAGE = YES_ERROR;
				CLANG_WARN_DOCUMENTATION_COMMENTS = YES;
				CLANG_WARN_EMPTY_BODY = YES;
				CLANG_WARN_ENUM_CONVERSION = YES;
				CLANG_WARN_INFINITE_RECURSION = YES;
				CLANG_WARN_INT_CONVERSION = YES;
				CLANG_WARN_NON_LITERAL_NULL_CONVERSION = YES;
				CLANG_WARN_OBJC_IMPLICIT_RETAIN_SELF = YES;
				CLANG_WARN_OBJC_LITERAL_CONVERSION = YES;
				CLANG_WARN_OBJC_ROOT_CLASS = YES_ERROR;
				CLANG_WARN_RANGE_LOOP_ANALYSIS = YES;
				CLANG_WARN_STRICT_PROTOTYPES = YES;
				CLANG_WARN_SUSPICIOUS_MOVE = YES;
				CLANG_WARN_UNGUARDED_AVAILABILITY = YES_AGGRESSIVE;
				CLANG_WARN_UNREACHABLE_CODE = YES;
				CLANG_WARN__DUPLICATE_METHOD_MATCH = YES;
				CODE_SIGN_IDENTITY = "iPhone Developer";
				COPY_PHASE_STRIP = NO;
				DEBUG_INFORMATION_FORMAT = dwarf;
				ENABLE_STRICT_OBJC_MSGSEND = YES;
				ENABLE_TESTABILITY = YES;
				GCC_C_LANGUAGE_STANDARD = gnu11;
				GCC_DYNAMIC_NO_PIC = NO;
				GCC_NO_COMMON_BLOCKS = YES;
				GCC_OPTIMIZATION_LEVEL = 0;
				GCC_PREPROCESSOR_DEFINITIONS = (
					"DEBUG=1",
					"$(inherited)",
				);
				GCC_WARN_64_TO_32_BIT_CONVERSION = YES;
				GCC_WARN_ABOUT_RETURN_TYPE = YES_ERROR;
				GCC_WARN_UNDECLARED_SELECTOR = YES;
				GCC_WARN_UNINITIALIZED_AUTOS = YES_AGGRESSIVE;
				GCC_WARN_UNUSED_FUNCTION = YES;
				GCC_WARN_UNUSED_VARIABLE = YES;
				IPHONEOS_DEPLOYMENT_TARGET = 12.2;
				MTL_ENABLE_DEBUG_INFO = INCLUDE_SOURCE;
				MTL_FAST_MATH = YES;
				ONLY_ACTIVE_ARCH = YES;
				SDKROOT = iphoneos;
				SWIFT_ACTIVE_COMPILATION_CONDITIONS = DEBUG;
				SWIFT_OPTIMIZATION_LEVEL = "-Onone";
			};
			name = Debug;
		};
		AE9BD5B52259CA7A0024E63E /* Release */ = {
			isa = XCBuildConfiguration;
			buildSettings = {
				ALWAYS_SEARCH_USER_PATHS = NO;
				CLANG_ANALYZER_NONNULL = YES;
				CLANG_ANALYZER_NUMBER_OBJECT_CONVERSION = YES_AGGRESSIVE;
				CLANG_CXX_LANGUAGE_STANDARD = "gnu++14";
				CLANG_CXX_LIBRARY = "libc++";
				CLANG_ENABLE_MODULES = YES;
				CLANG_ENABLE_OBJC_ARC = YES;
				CLANG_ENABLE_OBJC_WEAK = YES;
				CLANG_WARN_BLOCK_CAPTURE_AUTORELEASING = YES;
				CLANG_WARN_BOOL_CONVERSION = YES;
				CLANG_WARN_COMMA = YES;
				CLANG_WARN_CONSTANT_CONVERSION = YES;
				CLANG_WARN_DEPRECATED_OBJC_IMPLEMENTATIONS = YES;
				CLANG_WARN_DIRECT_OBJC_ISA_USAGE = YES_ERROR;
				CLANG_WARN_DOCUMENTATION_COMMENTS = YES;
				CLANG_WARN_EMPTY_BODY = YES;
				CLANG_WARN_ENUM_CONVERSION = YES;
				CLANG_WARN_INFINITE_RECURSION = YES;
				CLANG_WARN_INT_CONVERSION = YES;
				CLANG_WARN_NON_LITERAL_NULL_CONVERSION = YES;
				CLANG_WARN_OBJC_IMPLICIT_RETAIN_SELF = YES;
				CLANG_WARN_OBJC_LITERAL_CONVERSION = YES;
				CLANG_WARN_OBJC_ROOT_CLASS = YES_ERROR;
				CLANG_WARN_RANGE_LOOP_ANALYSIS = YES;
				CLANG_WARN_STRICT_PROTOTYPES = YES;
				CLANG_WARN_SUSPICIOUS_MOVE = YES;
				CLANG_WARN_UNGUARDED_AVAILABILITY = YES_AGGRESSIVE;
				CLANG_WARN_UNREACHABLE_CODE = YES;
				CLANG_WARN__DUPLICATE_METHOD_MATCH = YES;
				CODE_SIGN_IDENTITY = "iPhone Developer";
				COPY_PHASE_STRIP = NO;
				DEBUG_INFORMATION_FORMAT = "dwarf-with-dsym";
				ENABLE_NS_ASSERTIONS = NO;
				ENABLE_STRICT_OBJC_MSGSEND = YES;
				GCC_C_LANGUAGE_STANDARD = gnu11;
				GCC_NO_COMMON_BLOCKS = YES;
				GCC_WARN_64_TO_32_BIT_CONVERSION = YES;
				GCC_WARN_ABOUT_RETURN_TYPE = YES_ERROR;
				GCC_WARN_UNDECLARED_SELECTOR = YES;
				GCC_WARN_UNINITIALIZED_AUTOS = YES_AGGRESSIVE;
				GCC_WARN_UNUSED_FUNCTION = YES;
				GCC_WARN_UNUSED_VARIABLE = YES;
				IPHONEOS_DEPLOYMENT_TARGET = 12.2;
				MTL_ENABLE_DEBUG_INFO = NO;
				MTL_FAST_MATH = YES;
				SDKROOT = iphoneos;
				SWIFT_COMPILATION_MODE = wholemodule;
				SWIFT_OPTIMIZATION_LEVEL = "-O";
				VALIDATE_PRODUCT = YES;
			};
			name = Release;
		};
		AE9BD5B72259CA7A0024E63E /* Debug */ = {
			isa = XCBuildConfiguration;
			baseConfigurationReference = 0F898D9EA7DCCF397691C689 /* Pods-weather.debug.xcconfig */;
			buildSettings = {
				ASSETCATALOG_COMPILER_APPICON_NAME = AppIcon;
				CODE_SIGN_STYLE = Automatic;
				DEVELOPMENT_TEAM = 4YZQY4C47E;
				INFOPLIST_FILE = weather/Info.plist;
				LD_RUNPATH_SEARCH_PATHS = (
					"$(inherited)",
					"@executable_path/Frameworks",
				);
				PRODUCT_BUNDLE_IDENTIFIER = com.entaku.weather;
				PRODUCT_NAME = "$(TARGET_NAME)";
				SWIFT_VERSION = 5.0;
				TARGETED_DEVICE_FAMILY = "1,2";
			};
			name = Debug;
		};
		AE9BD5B82259CA7A0024E63E /* Release */ = {
			isa = XCBuildConfiguration;
			baseConfigurationReference = DA692BA9F1113BBA63B27790 /* Pods-weather.release.xcconfig */;
			buildSettings = {
				ASSETCATALOG_COMPILER_APPICON_NAME = AppIcon;
				CODE_SIGN_STYLE = Automatic;
				DEVELOPMENT_TEAM = 4YZQY4C47E;
				INFOPLIST_FILE = weather/Info.plist;
				LD_RUNPATH_SEARCH_PATHS = (
					"$(inherited)",
					"@executable_path/Frameworks",
				);
				PRODUCT_BUNDLE_IDENTIFIER = com.entaku.weather;
				PRODUCT_NAME = "$(TARGET_NAME)";
				SWIFT_VERSION = 5.0;
				TARGETED_DEVICE_FAMILY = "1,2";
			};
			name = Release;
		};
/* End XCBuildConfiguration section */

/* Begin XCConfigurationList section */
		AE9BD59C2259CA780024E63E /* Build configuration list for PBXProject "weather" */ = {
			isa = XCConfigurationList;
			buildConfigurations = (
				AE9BD5B42259CA7A0024E63E /* Debug */,
				AE9BD5B52259CA7A0024E63E /* Release */,
			);
			defaultConfigurationIsVisible = 0;
			defaultConfigurationName = Release;
		};
		AE9BD5B62259CA7A0024E63E /* Build configuration list for PBXNativeTarget "weather" */ = {
			isa = XCConfigurationList;
			buildConfigurations = (
				AE9BD5B72259CA7A0024E63E /* Debug */,
				AE9BD5B82259CA7A0024E63E /* Release */,
			);
			defaultConfigurationIsVisible = 0;
			defaultConfigurationName = Release;
		};
/* End XCConfigurationList section */

/* Begin XCVersionGroup section */
		AE9BD5AB2259CA780024E63E /* weather.xcdatamodeld */ = {
			isa = XCVersionGroup;
			children = (
				AE9BD5AC2259CA780024E63E /* weather.xcdatamodel */,
			);
			currentVersion = AE9BD5AC2259CA780024E63E /* weather.xcdatamodel */;
			path = weather.xcdatamodeld;
			sourceTree = "<group>";
			versionGroupType = wrapper.xcdatamodel;
		};
/* End XCVersionGroup section */
	};
	rootObject = AE9BD5992259CA780024E63E /* Project object */;
}
